
Microsoft Visual Studio Solution File, Format Version 12.00
# Visual Studio Version 17
VisualStudioVersion = 17.0.32112.339
MinimumVisualStudioVersion = 10.0.40219.1
Project("{9A19103F-16F7-4668-BE54-9A1E7A4F7556}") = "BulkyBookWeb", "BulkyBookWeb\BulkyBookWeb.csproj", "{DDF86534-D952-4B96-ADAB-BB27408EC643}"
EndProject
Project("{9A19103F-16F7-4668-BE54-9A1E7A4F7556}") = "BulkyBook.DataAccess", "BulkyBook.DataAccess\BulkyBook.DataAccess.csproj", "{AFECF294-1010-429F-9C18-DD914B516488}"
EndProject
Project("{9A19103F-16F7-4668-BE54-9A1E7A4F7556}") = "BulkyBook.Models", "BulkyBook.Models\BulkyBook.Models.csproj", "{3419A0B6-167E-42AA-9FDF-06F807B23512}"
EndProject
Project("{FAE04EC0-301F-11D3-BF4B-00C04F79EFBC}") = "BulkyBook.Utility", "BulkyBook.Utility\BulkyBook.Utility.csproj", "{3554A2D4-37B5-42D3-8F16-797DA7C8E9A8}"
EndProject
Global
	GlobalSection(SolutionConfigurationPlatforms) = preSolution
		Debug|Any CPU = Debug|Any CPU
		Release|Any CPU = Release|Any CPU
	EndGlobalSection
	GlobalSection(ProjectConfigurationPlatforms) = postSolution
		{DDF86534-D952-4B96-ADAB-BB27408EC643}.Debug|Any CPU.ActiveCfg = Debug|Any CPU
		{DDF86534-D952-4B96-ADAB-BB27408EC643}.Debug|Any CPU.Build.0 = Debug|Any CPU
		{DDF86534-D952-4B96-ADAB-BB27408EC643}.Release|Any CPU.ActiveCfg = Release|Any CPU
		{DDF86534-D952-4B96-ADAB-BB27408EC643}.Release|Any CPU.Build.0 = Release|Any CPU
		{AFECF294-1010-429F-9C18-DD914B516488}.Debug|Any CPU.ActiveCfg = Debug|Any CPU
		{AFECF294-1010-429F-9C18-DD914B516488}.Debug|Any CPU.Build.0 = Debug|Any CPU
		{AFECF294-1010-429F-9C18-DD914B516488}.Release|Any CPU.ActiveCfg = Release|Any CPU
		{AFECF294-1010-429F-9C18-DD914B516488}.Release|Any CPU.Build.0 = Release|Any CPU
		{3419A0B6-167E-42AA-9FDF-06F807B23512}.Debug|Any CPU.ActiveCfg = Debug|Any CPU
		{3419A0B6-167E-42AA-9FDF-06F807B23512}.Debug|Any CPU.Build.0 = Debug|Any CPU
		{3419A0B6-167E-42AA-9FDF-06F807B23512}.Release|Any CPU.ActiveCfg = Release|Any CPU
		{3419A0B6-167E-42AA-9FDF-06F807B23512}.Release|Any CPU.Build.0 = Release|Any CPU
		{3554A2D4-37B5-42D3-8F16-797DA7C8E9A8}.Debug|Any CPU.ActiveCfg = Debug|Any CPU
		{3554A2D4-37B5-42D3-8F16-797DA7C8E9A8}.Debug|Any CPU.Build.0 = Debug|Any CPU
		{3554A2D4-37B5-42D3-8F16-797DA7C8E9A8}.Release|Any CPU.ActiveCfg = Release|Any CPU
		{3554A2D4-37B5-42D3-8F16-797DA7C8E9A8}.Release|Any CPU.Build.0 = Release|Any CPU
	EndGlobalSection
	GlobalSection(SolutionProperties) = preSolution
		HideSolutionNode = FALSE
	EndGlobalSection
	GlobalSection(ExtensibilityGlobals) = postSolution
		SolutionGuid = {D8069290-3A87-49DB-882C-7F58EEB1FA1F}
	EndGlobalSection
EndGlobal
